
Microsoft Visual Studio Solution File, Format Version 12.00
# Visual Studio 2012
Project("{FAE04EC0-301F-11D3-BF4B-00C04F79EFBC}") = "TestProject", "TestProject\TestProject.csproj", "{2ED43ADA-8E7B-4DE8-86FD-A2D39436A1AF}"
EndProject
Project("{FAE04EC0-301F-11D3-BF4B-00C04F79EFBC}") = "UnitTests", "UnitTests\UnitTests.csproj", "{13E6AF64-1DA9-400F-8E9E-B4462781FCCA}"
EndProject
Global
	GlobalSection(SolutionConfigurationPlatforms) = preSolution
		Debug|Any CPU = Debug|Any CPU
		Release|Any CPU = Release|Any CPU
	EndGlobalSection
	GlobalSection(ProjectConfigurationPlatforms) = postSolution
		{2ED43ADA-8E7B-4DE8-86FD-A2D39436A1AF}.Debug|Any CPU.ActiveCfg = Debug|Any CPU
		{2ED43ADA-8E7B-4DE8-86FD-A2D39436A1AF}.Debug|Any CPU.Build.0 = Debug|Any CPU
		{2ED43ADA-8E7B-4DE8-86FD-A2D39436A1AF}.Release|Any CPU.ActiveCfg = Release|Any CPU
		{2ED43ADA-8E7B-4DE8-86FD-A2D39436A1AF}.Release|Any CPU.Build.0 = Release|Any CPU
		{13E6AF64-1DA9-400F-8E9E-B4462781FCCA}.Debug|Any CPU.ActiveCfg = Debug|Any CPU
		{13E6AF64-1DA9-400F-8E9E-B4462781FCCA}.Debug|Any CPU.Build.0 = Debug|Any CPU
		{13E6AF64-1DA9-400F-8E9E-B4462781FCCA}.Release|Any CPU.ActiveCfg = Release|Any CPU
		{13E6AF64-1DA9-400F-8E9E-B4462781FCCA}.Release|Any CPU.Build.0 = Release|Any CPU
	EndGlobalSection
	GlobalSection(SolutionProperties) = preSolution
		HideSolutionNode = FALSE
	EndGlobalSection
EndGlobal
